hash: 930f4fed4d784faa9eae02a97416e99a6bbd8089d5034ae1b9bf4d3f122eabcb
updated: 2017-01-15T23:39:05.730923432-06:00
imports:
- name: github.com/Azure/go-ansiterm
  version: fa152c58bc15761d0200cb75fe958b89a9d4888e
  subpackages:
  - winterm
- name: github.com/creack/ehttp
  version: 8fb4dc85d935d3bfadcf517eeb3c8828bc8fe8b5
- name: github.com/docker/docker
  version: b54a1d83fa9ea3c1d2903138b7f9cd04f8557c20
  subpackages:
  - api/types/filters
  - api/types/mount
  - api/types/swarm
  - api/types/versions
  - opts
  - pkg/archive
  - pkg/fileutils
  - pkg/homedir
  - pkg/idtools
  - pkg/ioutils
  - pkg/jsonlog
  - pkg/jsonmessage
  - pkg/longpath
  - pkg/pools
  - pkg/promise
  - pkg/stdcopy
  - pkg/system
  - pkg/term
  - pkg/term/windows
- name: github.com/docker/go-units
  version: e30f1e79f3cd72542f2026ceec18d3bd67ab859c
- name: github.com/fsouza/go-dockerclient
  version: e085edda407c05214cc6e71e4881de47667e77ec
- name: github.com/go-fsnotify/fsnotify
  version: 629574ca2a5df945712d3079857300b5e4da0236
- name: github.com/hashicorp/go-cleanhttp
  version: ad28ea4487f05916463e2423a55166280e8254b5
- name: github.com/Microsoft/go-winio
  version: 307e919c663683a9000576fdc855acaf9534c165
- name: github.com/opencontainers/runc
  version: a9610f2c0237d2636d05a031ec8659a70e75ffeb
  subpackages:
  - libcontainer/system
  - libcontainer/user
- name: github.com/Sirupsen/logrus
  version: d26492970760ca5d33129d2d799e34be5c4782eb
- name: golang.org/x/net
  version: f2499483f923065a842d38eb4c7f1927e6fc6e6d
  subpackages:
  - context
  - context/ctxhttp
- name: golang.org/x/sys
  version: d75a52659825e75fff6158388dddc6a5b04f9ba5
  subpackages:
  - unix
  - windows
testImports: []
