hash: b9eb64bdc4910f32e65d155e79ed8ecb2de2a300ddac2c65f1f0a42aa5b37e8f
updated: 2016-10-26T12:00:35.458584-05:00
imports:
- name: github.com/creack/ehttp
  version: 8fb4dc85d935d3bfadcf517eeb3c8828bc8fe8b5
- name: github.com/docker/docker
  version: 2684459ed433125257ffde5e95666ff785f26ec2
  subpackages:
  - opts
  - pkg/archive
  - pkg/fileutils
  - pkg/homedir
  - pkg/idtools
  - pkg/ioutils
  - pkg/pools
  - pkg/promise
  - pkg/stdcopy
  - pkg/system
- name: github.com/docker/engine-api
  version: fa0eea948c32ababd784fc1ad76172d986617e56
  subpackages:
  - types/filters
  - types/mount
  - types/swarm
  - types/versions
- name: github.com/docker/go-units
  version: eb879ae3e2b84e2a142af415b679ddeda47ec71c
- name: github.com/fsouza/go-dockerclient
  version: 2ce05b8e04b7475b63ae21c1aeaf72b8a5b05eb5
- name: github.com/go-fsnotify/fsnotify
  version: 629574ca2a5df945712d3079857300b5e4da0236
- name: github.com/hashicorp/go-cleanhttp
  version: ad28ea4487f05916463e2423a55166280e8254b5
- name: github.com/opencontainers/runc
  version: 142df3836b740af53dc6da59eed8dbc92f62917c
  subpackages:
  - libcontainer/user
- name: github.com/Sirupsen/logrus
  version: 4b6ea7319e214d98c938f12692336f7ca9348d6b
- name: golang.org/x/net
  version: 075e191f18186a8ff2becaf64478e30f4545cdad
  subpackages:
  - context
  - context/ctxhttp
- name: golang.org/x/sys
  version: 002cbb5f952456d0c50e0d2aff17ea5eca716979
  subpackages:
  - unix
testImports: []
