hash: 535b21ed5dd5c1ff5b673eaa3f9b2732cab97d97d9579377db4c113331b66714
updated: 2016-10-26T13:35:27.323414553-05:00
imports:
- name: github.com/creack/ehttp
  version: 8fb4dc85d935d3bfadcf517eeb3c8828bc8fe8b5
- name: github.com/docker/docker
  version: 0f5c9d301b9b1cca66b3ea0f9dec3b5317d3686d
  subpackages:
  - opts
  - pkg/archive
  - pkg/fileutils
  - pkg/homedir
  - pkg/ioutils
  - pkg/mflag
  - pkg/parsers
  - pkg/pools
  - pkg/promise
  - pkg/stdcopy
  - pkg/system
  - pkg/ulimit
  - pkg/units
  - volume
- name: github.com/docker/engine-api
  version: 4290f40c056686fcaa5c9caf02eac1dde9315adf
  subpackages:
  - types/mount
  - types/swarm
- name: github.com/docker/go-units
  version: 8a7beacffa3009a9ac66bad506b18ffdd110cf97
- name: github.com/fsouza/go-dockerclient
  version: 2ce05b8e04b7475b63ae21c1aeaf72b8a5b05eb5
- name: github.com/go-fsnotify/fsnotify
  version: 629574ca2a5df945712d3079857300b5e4da0236
- name: github.com/hashicorp/go-cleanhttp
  version: ad28ea4487f05916463e2423a55166280e8254b5
- name: github.com/opencontainers/runc
  version: 4599e7074eccfac90013dc38c32b3c812c5d8b70
  subpackages:
  - libcontainer/user
- name: github.com/Sirupsen/logrus
  version: 4b6ea7319e214d98c938f12692336f7ca9348d6b
- name: golang.org/x/net
  version: 65dfc08770ce66f74becfdff5f8ab01caef4e946
  subpackages:
  - context
  - context/ctxhttp
- name: golang.org/x/sys
  version: c200b10b5d5e122be351b67af224adc6128af5bf
  subpackages:
  - unix
testImports: []
